
Microsoft Visual Studio Solution File, Format Version 12.00
# Visual Studio Version 17
VisualStudioVersion = 17.14.37012.4 d17.14
MinimumVisualStudioVersion = 10.0.40219.1
Project("{FAE04EC0-301F-11D3-BF4B-00C04F79EFBC}") = "Actividad_Practica_4", "Actividad_Practica_4.csproj", "{7BCB800D-4BD7-4A52-8260-B195B0BB1FA3}"
EndProject
Global
	GlobalSection(SolutionConfigurationPlatforms) = preSolution
		Debug|Any CPU = Debug|Any CPU
		Release|Any CPU = Release|Any CPU
	EndGlobalSection
	GlobalSection(ProjectConfigurationPlatforms) = postSolution
		{7BCB800D-4BD7-4A52-8260-B195B0BB1FA3}.Debug|Any CPU.ActiveCfg = Debug|Any CPU
		{7BCB800D-4BD7-4A52-8260-B195B0BB1FA3}.Debug|Any CPU.Build.0 = Debug|Any CPU
		{7BCB800D-4BD7-4A52-8260-B195B0BB1FA3}.Release|Any CPU.ActiveCfg = Release|Any CPU
		{7BCB800D-4BD7-4A52-8260-B195B0BB1FA3}.Release|Any CPU.Build.0 = Release|Any CPU
	EndGlobalSection
	GlobalSection(SolutionProperties) = preSolution
		HideSolutionNode = FALSE
	EndGlobalSection
	GlobalSection(ExtensibilityGlobals) = postSolution
		SolutionGuid = {7338BAF3-AE29-4463-B7D0-6712AA39D82B}
	EndGlobalSection
EndGlobal
